# This file is automatically @generated by Cargo.
# It is not intended for manual editing.
version = 4

[[package]]
name = "arraydeque"
version = "0.5.1"
source = "registry+https://github.com/rust-lang/crates.io-index"
checksum = "7d902e3d592a523def97af8f317b08ce16b7ab854c1985a0c671e6f15cebc236"

[[package]]
name = "cfg-if"
version = "1.0.0"
source = "registry+https://github.com/rust-lang/crates.io-index"
checksum = "baf1de4339761588bc0619e3cbc0120ee582ebb74b53b4efbf79117bd2da40fd"

[[package]]
name = "encoding_rs"
version = "0.8.35"
source = "registry+https://github.com/rust-lang/crates.io-index"
checksum = "75030f3c4f45dafd7586dd6780965a8c7e8e285a5ecb86713e63a79c5b2766f3"
dependencies = [
 "cfg-if",
]

[[package]]
name = "foldhash"
version = "0.1.4"
source = "registry+https://github.com/rust-lang/crates.io-index"
checksum = "a0d2fde1f7b3d48b8395d5f2de76c18a528bd6a9cdde438df747bfcba3e05d6f"

[[package]]
name = "form_urlencoded"
version = "1.2.1"
source = "registry+https://github.com/rust-lang/crates.io-index"
checksum = "e13624c2627564efccf4934284bdd98cbaa14e79b0b5a141218e507b3a823456"
dependencies = [
 "percent-encoding",
]

[[package]]
name = "hashbrown"
version = "0.15.2"
source = "registry+https://github.com/rust-lang/crates.io-index"
checksum = "bf151400ff0baff5465007dd2f3e717f3fe502074ca563069ce3a6629d07b289"
dependencies = [
 "foldhash",
]

[[package]]
name = "hashlink"
version = "0.10.0"
source = "registry+https://github.com/rust-lang/crates.io-index"
checksum = "7382cf6263419f2d8df38c55d7da83da5c18aef87fc7a7fc1fb1e344edfe14c1"
dependencies = [
 "hashbrown",
]

[[package]]
name = "mutants"
version = "0.0.3"
source = "registry+https://github.com/rust-lang/crates.io-index"
checksum = "bc0287524726960e07b119cebd01678f852f147742ae0d925e6a520dca956126"

[[package]]
name = "percent-encoding"
version = "2.3.1"
source = "registry+https://github.com/rust-lang/crates.io-index"
checksum = "e3148f5046208a5d56bcfc03053e3ca6334e51da8dfb19b6cdc8b306fae3283e"

[[package]]
name = "proc-macro2"
version = "1.0.94"
source = "registry+https://github.com/rust-lang/crates.io-index"
checksum = "a31971752e70b8b2686d7e46ec17fb38dad4051d94024c88df49b667caea9c84"
dependencies = [
 "unicode-ident",
]

[[package]]
name = "shadow_counted"
version = "0.3.1"
source = "registry+https://github.com/rust-lang/crates.io-index"
checksum = "b985e394ee53f8e4c547d5c6fa75b83b243ab6f51563a0323f1475fc8abc8e7f"

[[package]]
name = "shapely"
version = "3.0.0"
dependencies = [
 "shapely-core",
 "shapely-derive",
]

[[package]]
name = "shapely-core"
version = "3.0.0"

[[package]]
name = "shapely-derive"
version = "3.0.0"
dependencies = [
 "shapely-core",
 "unsynn",
]

[[package]]
name = "shapely-json"
version = "3.0.0"
dependencies = [
 "shapely",
]

[[package]]
name = "shapely-msgpack"
version = "3.0.0"
dependencies = [
 "shapely",
 "shapely-core",
 "shapely-derive",
]

[[package]]
name = "shapely-pretty"
version = "3.0.0"
dependencies = [
 "shapely",
 "shapely-core",
]

[[package]]
name = "shapely-urlencoded"
version = "3.0.0"
dependencies = [
 "form_urlencoded",
 "shapely",
]

[[package]]
name = "shapely-yaml"
version = "3.0.0"
dependencies = [
 "shapely",
 "shapely-core",
 "yaml-rust2",
]

[[package]]
name = "unicode-ident"
version = "1.0.18"
source = "registry+https://github.com/rust-lang/crates.io-index"
checksum = "5a5f39404a5da50712a4c1eecf25e90dd62b613502b7e925fd4e4d19b5c96512"

[[package]]
name = "unsynn"
version = "0.0.25"
source = "registry+https://github.com/rust-lang/crates.io-index"
checksum = "45b8949e2e0d516407a99e232f0040c7d433f32d522edabcb27ed27f7d10c47c"
dependencies = [
 "mutants",
 "proc-macro2",
 "shadow_counted",
]

[[package]]
name = "yaml-rust2"
version = "0.10.0"
source = "registry+https://github.com/rust-lang/crates.io-index"
checksum = "232bdb534d65520716bef0bbb205ff8f2db72d807b19c0bc3020853b92a0cd4b"
dependencies = [
 "arraydeque",
 "encoding_rs",
 "hashlink",
]
